dependencies:
- name: cert-manager
  repository: https://charts.jetstack.io
  version: v1.15.3
- name: metrics-server
  repository: https://kubernetes-sigs.github.io/metrics-server/
  version: 3.12.1
digest: sha256:a3003addb7ef447d010ac949233d8b34adfeef2b7b7cb2d578c8e02c80001b65
generated: "2024-08-21T19:36:04.789431+02:00"
