{
  "lockfile_version": "1",
  "packages": {
    "docker@24.0.9": {
      "last_modified": "2024-07-27T00:41:21Z",
      "resolved": "github:NixOS/nixpkgs/48bacf585a51d953def8bff32087970f273052e2#docker",
      "source": "devbox-search",
      "version": "24.0.9",
      "systems": {
        "aarch64-darwin": {
          "outputs": [
            {
              "name": "out",
              "path": "/nix/store/qy96rirjs6irlr4bpqiqqbwg71cxh6js-docker-24.0.9",
              "default": true
            }
          ],
          "store_path": "/nix/store/qy96rirjs6irlr4bpqiqqbwg71cxh6js-docker-24.0.9"
        },
        "aarch64-linux": {
          "outputs": [
            {
              "name": "out",
              "path": "/nix/store/fl9m8f3vv8y4j2lnsfq5kg7qk2mn5igs-docker-24.0.9",
              "default": true
            }
          ],
          "store_path": "/nix/store/fl9m8f3vv8y4j2lnsfq5kg7qk2mn5igs-docker-24.0.9"
        },
        "x86_64-darwin": {
          "outputs": [
            {
              "name": "out",
              "path": "/nix/store/k2s66pgszwyvzjnfm2jzz0d5z2nvliic-docker-24.0.9",
              "default": true
            }
          ],
          "store_path": "/nix/store/k2s66pgszwyvzjnfm2jzz0d5z2nvliic-docker-24.0.9"
        },
        "x86_64-linux": {
          "outputs": [
            {
              "name": "out",
              "path": "/nix/store/bpg9w8878iq3i2d2571gkfhcnnxmxkgk-docker-24.0.9",
              "default": true
            }
          ],
          "store_path": "/nix/store/bpg9w8878iq3i2d2571gkfhcnnxmxkgk-docker-24.0.9"
        }
      }
    },
    "go-task@3.38.0": {
      "last_modified": "2024-07-12T10:50:49Z",
      "resolved": "github:NixOS/nixpkgs/8b5a3d5a1d951344d683b442c0739010b80039db#go-task",
      "source": "devbox-search",
      "version": "3.38.0",
      "systems": {
        "aarch64-darwin": {
          "outputs": [
            {
              "name": "out",
              "path": "/nix/store/4clgrxd19h07x7sy45fb5mj3qkshmvy1-go-task-3.38.0",
              "default": true
            }
          ],
          "store_path": "/nix/store/4clgrxd19h07x7sy45fb5mj3qkshmvy1-go-task-3.38.0"
        },
        "aarch64-linux": {
          "outputs": [
            {
              "name": "out",
              "path": "/nix/store/0icfyvbmfwnbfw1v9s5gv7l6fl1mc5g8-go-task-3.38.0",
              "default": true
            }
          ],
          "store_path": "/nix/store/0icfyvbmfwnbfw1v9s5gv7l6fl1mc5g8-go-task-3.38.0"
        },
        "x86_64-darwin": {
          "outputs": [
            {
              "name": "out",
              "path": "/nix/store/dw1h8gzlpsq0yxhvbi8fmks2j4sbljni-go-task-3.38.0",
              "default": true
            }
          ],
          "store_path": "/nix/store/dw1h8gzlpsq0yxhvbi8fmks2j4sbljni-go-task-3.38.0"
        },
        "x86_64-linux": {
          "outputs": [
            {
              "name": "out",
              "path": "/nix/store/6yg91y9vy4i0lxx24vn8f4gwp1vkiz1r-go-task-3.38.0",
              "default": true
            }
          ],
          "store_path": "/nix/store/6yg91y9vy4i0lxx24vn8f4gwp1vkiz1r-go-task-3.38.0"
        }
      }
    },
    "go@1.22.3": {
      "last_modified": "2024-06-12T20:55:33Z",
      "resolved": "github:NixOS/nixpkgs/a9858885e197f984d92d7fe64e9fff6b2e488d40#go",
      "source": "devbox-search",
      "version": "1.22.3",
      "systems": {
        "aarch64-darwin": {
          "outputs": [
            {
              "name": "out",
              "path": "/nix/store/m4ip3yyqg4k2pilbyfczgiy8xqvh4554-go-1.22.3",
              "default": true
            }
          ],
          "store_path": "/nix/store/m4ip3yyqg4k2pilbyfczgiy8xqvh4554-go-1.22.3"
        },
        "aarch64-linux": {
          "outputs": [
            {
              "name": "out",
              "path": "/nix/store/iz2bp36nbgp2l7day14186nmw2v4v0qg-go-1.22.3",
              "default": true
            }
          ],
          "store_path": "/nix/store/iz2bp36nbgp2l7day14186nmw2v4v0qg-go-1.22.3"
        },
        "x86_64-darwin": {
          "outputs": [
            {
              "name": "out",
              "path": "/nix/store/gl1vr9lznqg5zv2f0bvh0q469k82mjz0-go-1.22.3",
              "default": true
            }
          ],
          "store_path": "/nix/store/gl1vr9lznqg5zv2f0bvh0q469k82mjz0-go-1.22.3"
        },
        "x86_64-linux": {
          "outputs": [
            {
              "name": "out",
              "path": "/nix/store/vz8d6wmfcf38l3h3vymwqr6c5zxp5jmp-go-1.22.3",
              "default": true
            }
          ],
          "store_path": "/nix/store/vz8d6wmfcf38l3h3vymwqr6c5zxp5jmp-go-1.22.3"
        }
      }
    },
    "kubebuilder@3.15.0": {
      "last_modified": "2024-05-22T06:18:38Z",
      "resolved": "github:NixOS/nixpkgs/3f316d2a50699a78afe5e77ca486ad553169061e#kubebuilder",
      "source": "devbox-search",
      "version": "3.15.0",
      "systems": {
        "aarch64-darwin": {
          "outputs": [
            {
              "name": "out",
              "path": "/nix/store/z1zf00p3mmsmymyazqzi8mviyzlhd3k9-kubebuilder-3.15.0",
              "default": true
            }
          ],
          "store_path": "/nix/store/z1zf00p3mmsmymyazqzi8mviyzlhd3k9-kubebuilder-3.15.0"
        },
        "aarch64-linux": {
          "outputs": [
            {
              "name": "out",
              "path": "/nix/store/d70xnl9vm7sh7vkv1iqdr98gk8axadv6-kubebuilder-3.15.0",
              "default": true
            }
          ],
          "store_path": "/nix/store/d70xnl9vm7sh7vkv1iqdr98gk8axadv6-kubebuilder-3.15.0"
        },
        "x86_64-darwin": {
          "outputs": [
            {
              "name": "out",
              "path": "/nix/store/rs7b1prlkn7447frhq7xm5yr4p3ysv2n-kubebuilder-3.15.0",
              "default": true
            }
          ],
          "store_path": "/nix/store/rs7b1prlkn7447frhq7xm5yr4p3ysv2n-kubebuilder-3.15.0"
        },
        "x86_64-linux": {
          "outputs": [
            {
              "name": "out",
              "path": "/nix/store/9jww5w0w4fmlcinv1v839qjzbmkc6ih2-kubebuilder-3.15.0",
              "default": true
            }
          ],
          "store_path": "/nix/store/9jww5w0w4fmlcinv1v839qjzbmkc6ih2-kubebuilder-3.15.0"
        }
      }
    },
    "kubectl@1.30.1": {
      "last_modified": "2024-06-12T20:55:33Z",
      "resolved": "github:NixOS/nixpkgs/a9858885e197f984d92d7fe64e9fff6b2e488d40#kubectl",
      "source": "devbox-search",
      "version": "1.30.1",
      "systems": {
        "aarch64-darwin": {
          "outputs": [
            {
              "name": "out",
              "path": "/nix/store/mvq3vf4bgjnhld6zgswih693iksj1960-kubectl-1.30.1",
              "default": true
            },
            {
              "name": "man",
              "path": "/nix/store/0xm9f85xgnwnvrqls30zsznvkcc1fjqc-kubectl-1.30.1-man",
              "default": true
            },
            {
              "name": "convert",
              "path": "/nix/store/d876kj2p1mw9wdbjxyqiwigla3ginwnj-kubectl-1.30.1-convert"
            }
          ],
          "store_path": "/nix/store/mvq3vf4bgjnhld6zgswih693iksj1960-kubectl-1.30.1"
        },
        "aarch64-linux": {
          "outputs": [
            {
              "name": "out",
              "path": "/nix/store/zmayagj4i231kzvz9sglawg1dmzxskka-kubectl-1.30.1",
              "default": true
            },
            {
              "name": "man",
              "path": "/nix/store/sb9l8khqj56fagvfnfxghhd2wqh7agn2-kubectl-1.30.1-man",
              "default": true
            },
            {
              "name": "convert",
              "path": "/nix/store/jajfs9saxmyx1ziq95qvw298jik73429-kubectl-1.30.1-convert"
            }
          ],
          "store_path": "/nix/store/zmayagj4i231kzvz9sglawg1dmzxskka-kubectl-1.30.1"
        },
        "x86_64-darwin": {
          "outputs": [
            {
              "name": "out",
              "path": "/nix/store/p4pv6kz03shjzn8q88awa3ddywz356pj-kubectl-1.30.1",
              "default": true
            },
            {
              "name": "man",
              "path": "/nix/store/095qgq147rhlz24s656sb6g4c27cac3k-kubectl-1.30.1-man",
              "default": true
            },
            {
              "name": "convert",
              "path": "/nix/store/n2bmqzv7i0z7m1g11m35k1g9dkjzhzyd-kubectl-1.30.1-convert"
            }
          ],
          "store_path": "/nix/store/p4pv6kz03shjzn8q88awa3ddywz356pj-kubectl-1.30.1"
        },
        "x86_64-linux": {
          "outputs": [
            {
              "name": "out",
              "path": "/nix/store/xiznwi415zwc8ahkiyivaii32vlg80cv-kubectl-1.30.1",
              "default": true
            },
            {
              "name": "man",
              "path": "/nix/store/pnihbb2yqy5w697r73asxn2j7iizd70c-kubectl-1.30.1-man",
              "default": true
            },
            {
              "name": "convert",
              "path": "/nix/store/848hc2crdrjrnchv5r9clv326qz3q7vv-kubectl-1.30.1-convert"
            }
          ],
          "store_path": "/nix/store/xiznwi415zwc8ahkiyivaii32vlg80cv-kubectl-1.30.1"
        }
      }
    },
    "kubernetes-helm@3.15.0": {
      "last_modified": "2024-05-22T06:18:38Z",
      "resolved": "github:NixOS/nixpkgs/3f316d2a50699a78afe5e77ca486ad553169061e#kubernetes-helm",
      "source": "devbox-search",
      "version": "3.15.0",
      "systems": {
        "aarch64-darwin": {
          "outputs": [
            {
              "name": "out",
              "path": "/nix/store/axs68dnj43ippkns54j46kx9287fil2d-kubernetes-helm-3.15.0",
              "default": true
            }
          ],
          "store_path": "/nix/store/axs68dnj43ippkns54j46kx9287fil2d-kubernetes-helm-3.15.0"
        },
        "aarch64-linux": {
          "outputs": [
            {
              "name": "out",
              "path": "/nix/store/8r3hs2rgp31r7pbpcvg2crpss59ksdx6-kubernetes-helm-3.15.0",
              "default": true
            }
          ],
          "store_path": "/nix/store/8r3hs2rgp31r7pbpcvg2crpss59ksdx6-kubernetes-helm-3.15.0"
        },
        "x86_64-darwin": {
          "outputs": [
            {
              "name": "out",
              "path": "/nix/store/z6xxfif4nq5xm67sy3f0mkq9bjhmd9i2-kubernetes-helm-3.15.0",
              "default": true
            }
          ],
          "store_path": "/nix/store/z6xxfif4nq5xm67sy3f0mkq9bjhmd9i2-kubernetes-helm-3.15.0"
        },
        "x86_64-linux": {
          "outputs": [
            {
              "name": "out",
              "path": "/nix/store/j62dsi1irbigv95zz8r81r4517jn77mk-kubernetes-helm-3.15.0",
              "default": true
            }
          ],
          "store_path": "/nix/store/j62dsi1irbigv95zz8r81r4517jn77mk-kubernetes-helm-3.15.0"
        }
      }
    },
    "kustomize@5.4.1": {
      "last_modified": "2024-05-29T10:04:41Z",
      "resolved": "github:NixOS/nixpkgs/ac82a513e55582291805d6f09d35b6d8b60637a1#kustomize",
      "source": "devbox-search",
      "version": "5.4.1",
      "systems": {
        "aarch64-darwin": {
          "outputs": [
            {
              "name": "out",
              "path": "/nix/store/rn0bmhs7b22ryanwynm061hr3m1mnpaf-kustomize-5.4.1",
              "default": true
            }
          ],
          "store_path": "/nix/store/rn0bmhs7b22ryanwynm061hr3m1mnpaf-kustomize-5.4.1"
        },
        "aarch64-linux": {
          "outputs": [
            {
              "name": "out",
              "path": "/nix/store/jm1y98gpslzzsvq600l0brr1jlqak4q5-kustomize-5.4.1",
              "default": true
            }
          ],
          "store_path": "/nix/store/jm1y98gpslzzsvq600l0brr1jlqak4q5-kustomize-5.4.1"
        },
        "x86_64-darwin": {
          "outputs": [
            {
              "name": "out",
              "path": "/nix/store/dps11nvz1jz92j4nq50zxcpa2477pqa1-kustomize-5.4.1",
              "default": true
            }
          ],
          "store_path": "/nix/store/dps11nvz1jz92j4nq50zxcpa2477pqa1-kustomize-5.4.1"
        },
        "x86_64-linux": {
          "outputs": [
            {
              "name": "out",
              "path": "/nix/store/brk03k57nrv2smfaqnpzb78k0ibrcxfa-kustomize-5.4.1",
              "default": true
            }
          ],
          "store_path": "/nix/store/brk03k57nrv2smfaqnpzb78k0ibrcxfa-kustomize-5.4.1"
        }
      }
    },
    "mockgen@1.6.0": {
      "last_modified": "2023-12-13T22:54:10Z",
      "resolved": "github:NixOS/nixpkgs/fd04bea4cbf76f86f244b9e2549fca066db8ddff#mockgen",
      "source": "devbox-search",
      "version": "1.6.0",
      "systems": {
        "aarch64-darwin": {
          "outputs": [
            {
              "name": "out",
              "path": "/nix/store/8jsr1j1h8g3k3j5rg8vv79aviffxrfny-mockgen-1.6.0",
              "default": true
            }
          ],
          "store_path": "/nix/store/8jsr1j1h8g3k3j5rg8vv79aviffxrfny-mockgen-1.6.0"
        },
        "aarch64-linux": {
          "outputs": [
            {
              "name": "out",
              "path": "/nix/store/34rrlc5lz43mibljdd7ai0qyi7zcq4ic-mockgen-1.6.0",
              "default": true
            }
          ],
          "store_path": "/nix/store/34rrlc5lz43mibljdd7ai0qyi7zcq4ic-mockgen-1.6.0"
        },
        "x86_64-darwin": {
          "outputs": [
            {
              "name": "out",
              "path": "/nix/store/cj1r5vllmiq7fh4izsmlacjrdkw2h4b5-mockgen-1.6.0",
              "default": true
            }
          ],
          "store_path": "/nix/store/cj1r5vllmiq7fh4izsmlacjrdkw2h4b5-mockgen-1.6.0"
        },
        "x86_64-linux": {
          "outputs": [
            {
              "name": "out",
              "path": "/nix/store/hs49h3p9ss5f5bqv6phgsx93s4cawif2-mockgen-1.6.0",
              "default": true
            }
          ],
          "store_path": "/nix/store/hs49h3p9ss5f5bqv6phgsx93s4cawif2-mockgen-1.6.0"
        }
      }
    }
  }
}
